
Microsoft Visual Studio Solution File, Format Version 12.00
# Visual Studio Version 17
VisualStudioVersion = 17.8.34511.84
MinimumVisualStudioVersion = 10.0.40219.1
Project("{8BC9CEB8-8B4A-11D0-8D11-00A0C91BC942}") = "1 - Task 1", "1 - Task 1\1 - Task 1.vcxproj", "{80A88330-7632-433E-BAB3-118DCACF3C4E}"
EndProject
Project("{8BC9CEB8-8B4A-11D0-8D11-00A0C91BC942}") = "2 - Task 2", "2 - Task 2\2 - Task 2.vcxproj", "{DAFB0ACA-D639-433D-B738-BEFA44DF28C6}"
EndProject
Project("{8BC9CEB8-8B4A-11D0-8D11-00A0C91BC942}") = "3 - Task 3", "3 - Task 3\3 - Task 3.vcxproj", "{DD637151-21C7-4E0F-A846-952A320065D9}"
EndProject
Global
	GlobalSection(SolutionConfigurationPlatforms) = preSolution
		Debug|x64 = Debug|x64
		Debug|x86 = Debug|x86
		Release|x64 = Release|x64
		Release|x86 = Release|x86
	EndGlobalSection
	GlobalSection(ProjectConfigurationPlatforms) = postSolution
		{80A88330-7632-433E-BAB3-118DCACF3C4E}.Debug|x64.ActiveCfg = Debug|x64
		{80A88330-7632-433E-BAB3-118DCACF3C4E}.Debug|x64.Build.0 = Debug|x64
		{80A88330-7632-433E-BAB3-118DCACF3C4E}.Debug|x86.ActiveCfg = Debug|Win32
		{80A88330-7632-433E-BAB3-118DCACF3C4E}.Debug|x86.Build.0 = Debug|Win32
		{80A88330-7632-433E-BAB3-118DCACF3C4E}.Release|x64.ActiveCfg = Release|x64
		{80A88330-7632-433E-BAB3-118DCACF3C4E}.Release|x64.Build.0 = Release|x64
		{80A88330-7632-433E-BAB3-118DCACF3C4E}.Release|x86.ActiveCfg = Release|Win32
		{80A88330-7632-433E-BAB3-118DCACF3C4E}.Release|x86.Build.0 = Release|Win32
		{DAFB0ACA-D639-433D-B738-BEFA44DF28C6}.Debug|x64.ActiveCfg = Debug|x64
		{DAFB0ACA-D639-433D-B738-BEFA44DF28C6}.Debug|x64.Build.0 = Debug|x64
		{DAFB0ACA-D639-433D-B738-BEFA44DF28C6}.Debug|x86.ActiveCfg = Debug|Win32
		{DAFB0ACA-D639-433D-B738-BEFA44DF28C6}.Debug|x86.Build.0 = Debug|Win32
		{DAFB0ACA-D639-433D-B738-BEFA44DF28C6}.Release|x64.ActiveCfg = Release|x64
		{DAFB0ACA-D639-433D-B738-BEFA44DF28C6}.Release|x64.Build.0 = Release|x64
		{DAFB0ACA-D639-433D-B738-BEFA44DF28C6}.Release|x86.ActiveCfg = Release|Win32
		{DAFB0ACA-D639-433D-B738-BEFA44DF28C6}.Release|x86.Build.0 = Release|Win32
		{DD637151-21C7-4E0F-A846-952A320065D9}.Debug|x64.ActiveCfg = Debug|x64
		{DD637151-21C7-4E0F-A846-952A320065D9}.Debug|x64.Build.0 = Debug|x64
		{DD637151-21C7-4E0F-A846-952A320065D9}.Debug|x86.ActiveCfg = Debug|Win32
		{DD637151-21C7-4E0F-A846-952A320065D9}.Debug|x86.Build.0 = Debug|Win32
		{DD637151-21C7-4E0F-A846-952A320065D9}.Release|x64.ActiveCfg = Release|x64
		{DD637151-21C7-4E0F-A846-952A320065D9}.Release|x64.Build.0 = Release|x64
		{DD637151-21C7-4E0F-A846-952A320065D9}.Release|x86.ActiveCfg = Release|Win32
		{DD637151-21C7-4E0F-A846-952A320065D9}.Release|x86.Build.0 = Release|Win32
	EndGlobalSection
	GlobalSection(SolutionProperties) = preSolution
		HideSolutionNode = FALSE
	EndGlobalSection
	GlobalSection(ExtensibilityGlobals) = postSolution
		SolutionGuid = {C8196E2E-7BE4-4BC5-85C8-2B5185475476}
	EndGlobalSection
EndGlobal
